
Microsoft Visual Studio Solution File, Format Version 12.00
# Visual Studio Version 16
VisualStudioVersion = 16.0.30225.117
MinimumVisualStudioVersion = 10.0.40219.1
Project("{FAE04EC0-301F-11D3-BF4B-00C04F79EFBC}") = "DropBoxAPI", "DropBoxAPI\DropBoxAPI.csproj", "{32EFD54E-DC84-406E-B11E-44DD7A38F696}"
EndProject
Global
	GlobalSection(SolutionConfigurationPlatforms) = preSolution
		Debug|Any CPU = Debug|Any CPU
		Release|Any CPU = Release|Any CPU
	EndGlobalSection
	GlobalSection(ProjectConfigurationPlatforms) = postSolution
		{32EFD54E-DC84-406E-B11E-44DD7A38F696}.Debug|Any CPU.ActiveCfg = Debug|Any CPU
		{32EFD54E-DC84-406E-B11E-44DD7A38F696}.Debug|Any CPU.Build.0 = Debug|Any CPU
		{32EFD54E-DC84-406E-B11E-44DD7A38F696}.Release|Any CPU.ActiveCfg = Release|Any CPU
		{32EFD54E-DC84-406E-B11E-44DD7A38F696}.Release|Any CPU.Build.0 = Release|Any CPU
	EndGlobalSection
	GlobalSection(SolutionProperties) = preSolution
		HideSolutionNode = FALSE
	EndGlobalSection
	GlobalSection(ExtensibilityGlobals) = postSolution
		SolutionGuid = {9EC20ADF-B14F-4D0E-B205-A5F1FC68F8F1}
	EndGlobalSection
EndGlobal
